{
  "name": "Codetest",
  "version": "1.0.0",
  "lockfileVersion": 3,
  "requires": true,
  "packages": {
    "": {
      "name": "Codetest",
      "version": "1.0.0",
      "license": "ISC",
      "dependencies": {
        "chokidar": "^5.0.0",
        "random-seedable": "^1.0.8"
      },
      "bin": {
        "Codetest": "Codetest.js"
      }
    },
    "node_modules/chokidar": {
      "version": "5.0.0",
      "resolved": "https://registry.npmjs.org/chokidar/-/chokidar-5.0.0.tgz",
      "integrity": "sha512-TQMmc3w+5AxjpL8iIiwebF73dRDF4fBIieAqGn9RGCWaEVwQ6Fb2cGe31Yns0RRIzii5goJ1Y7xbMwo1TxMplw==",
      "license": "MIT",
      "dependencies": {
        "readdirp": "^5.0.0"
      },
      "engines": {
        "node": ">= 20.19.0"
      },
      "funding": {
        "url": "https://paulmillr.com/funding/"
      }
    },
    "node_modules/random-seedable": {
      "version": "1.0.8",
      "resolved": "https://registry.npmjs.org/random-seedable/-/random-seedable-1.0.8.tgz",
      "integrity": "sha512-f6gzvNhAnZBht1Prn0e/tpukUNhkANntFF42uIdWDPriyEATYaRpyH8A9bYaGecUB3AL+dXeYtBUggy18fe3rw==",
      "license": "MIT"
    },
    "node_modules/readdirp": {
      "version": "5.0.0",
      "resolved": "https://registry.npmjs.org/readdirp/-/readdirp-5.0.0.tgz",
      "integrity": "sha512-9u/XQ1pvrQtYyMpZe7DXKv2p5CNvyVwzUB6uhLAnQwHMSgKMBR62lc7AHljaeteeHXn11XTAaLLUVZYVZyuRBQ==",
      "license": "MIT",
      "engines": {
        "node": ">= 20.19.0"
      },
      "funding": {
        "type": "individual",
        "url": "https://paulmillr.com/funding/"
      }
    }
  }
}
